
Microsoft Visual Studio Solution File, Format Version 12.00
# Visual Studio 15
VisualStudioVersion = 15.0.26124.0
MinimumVisualStudioVersion = 15.0.26124.0
Project("{2150E333-8FDC-42A3-9474-1A3956D46DE8}") = "src", "src", "{EE042FF1-55F5-4894-AC1D-9198054AC640}"
EndProject
Project("{FAE04EC0-301F-11D3-BF4B-00C04F79EFBC}") = "API", "src\API\API.csproj", "{EC1629AE-7C90-4F4C-82DB-EC6AD826FEDE}"
EndProject
Project("{2150E333-8FDC-42A3-9474-1A3956D46DE8}") = "test", "test", "{E26C0BB7-139B-41C5-B1D1-865AB2A17278}"
EndProject
Project("{FAE04EC0-301F-11D3-BF4B-00C04F79EFBC}") = "API.Tests", "test\API.Tests\API.Tests.csproj", "{159493BB-F934-4150-9245-B605DF758FED}"
EndProject
Global
	GlobalSection(SolutionConfigurationPlatforms) = preSolution
		Debug|Any CPU = Debug|Any CPU
		Debug|x64 = Debug|x64
		Debug|x86 = Debug|x86
		Release|Any CPU = Release|Any CPU
		Release|x64 = Release|x64
		Release|x86 = Release|x86
	EndGlobalSection
	GlobalSection(SolutionProperties) = preSolution
		HideSolutionNode = FALSE
	EndGlobalSection
	GlobalSection(ProjectConfigurationPlatforms) = postSolution
		{EC1629AE-7C90-4F4C-82DB-EC6AD826FEDE}.Debug|Any CPU.ActiveCfg = Debug|Any CPU
		{EC1629AE-7C90-4F4C-82DB-EC6AD826FEDE}.Debug|Any CPU.Build.0 = Debug|Any CPU
		{EC1629AE-7C90-4F4C-82DB-EC6AD826FEDE}.Debug|x64.ActiveCfg = Debug|Any CPU
		{EC1629AE-7C90-4F4C-82DB-EC6AD826FEDE}.Debug|x64.Build.0 = Debug|Any CPU
		{EC1629AE-7C90-4F4C-82DB-EC6AD826FEDE}.Debug|x86.ActiveCfg = Debug|Any CPU
		{EC1629AE-7C90-4F4C-82DB-EC6AD826FEDE}.Debug|x86.Build.0 = Debug|Any CPU
		{EC1629AE-7C90-4F4C-82DB-EC6AD826FEDE}.Release|Any CPU.ActiveCfg = Release|Any CPU
		{EC1629AE-7C90-4F4C-82DB-EC6AD826FEDE}.Release|Any CPU.Build.0 = Release|Any CPU
		{EC1629AE-7C90-4F4C-82DB-EC6AD826FEDE}.Release|x64.ActiveCfg = Release|Any CPU
		{EC1629AE-7C90-4F4C-82DB-EC6AD826FEDE}.Release|x64.Build.0 = Release|Any CPU
		{EC1629AE-7C90-4F4C-82DB-EC6AD826FEDE}.Release|x86.ActiveCfg = Release|Any CPU
		{EC1629AE-7C90-4F4C-82DB-EC6AD826FEDE}.Release|x86.Build.0 = Release|Any CPU
		{159493BB-F934-4150-9245-B605DF758FED}.Debug|Any CPU.ActiveCfg = Debug|Any CPU
		{159493BB-F934-4150-9245-B605DF758FED}.Debug|Any CPU.Build.0 = Debug|Any CPU
		{159493BB-F934-4150-9245-B605DF758FED}.Debug|x64.ActiveCfg = Debug|Any CPU
		{159493BB-F934-4150-9245-B605DF758FED}.Debug|x64.Build.0 = Debug|Any CPU
		{159493BB-F934-4150-9245-B605DF758FED}.Debug|x86.ActiveCfg = Debug|Any CPU
		{159493BB-F934-4150-9245-B605DF758FED}.Debug|x86.Build.0 = Debug|Any CPU
		{159493BB-F934-4150-9245-B605DF758FED}.Release|Any CPU.ActiveCfg = Release|Any CPU
		{159493BB-F934-4150-9245-B605DF758FED}.Release|Any CPU.Build.0 = Release|Any CPU
		{159493BB-F934-4150-9245-B605DF758FED}.Release|x64.ActiveCfg = Release|Any CPU
		{159493BB-F934-4150-9245-B605DF758FED}.Release|x64.Build.0 = Release|Any CPU
		{159493BB-F934-4150-9245-B605DF758FED}.Release|x86.ActiveCfg = Release|Any CPU
		{159493BB-F934-4150-9245-B605DF758FED}.Release|x86.Build.0 = Release|Any CPU
	EndGlobalSection
	GlobalSection(NestedProjects) = preSolution
		{EC1629AE-7C90-4F4C-82DB-EC6AD826FEDE} = {EE042FF1-55F5-4894-AC1D-9198054AC640}
		{159493BB-F934-4150-9245-B605DF758FED} = {E26C0BB7-139B-41C5-B1D1-865AB2A17278}
	EndGlobalSection
EndGlobal
